
Microsoft Visual Studio Solution File, Format Version 12.00
# Visual Studio 15
VisualStudioVersion = 15.0.28307.438
MinimumVisualStudioVersion = 10.0.40219.1
Project("{FAE04EC0-301F-11D3-BF4B-00C04F79EFBC}") = "ShoppingWeb", "ShoppingWeb\ShoppingWeb.csproj", "{EFBFAC80-2DC9-452D-A1E2-C4B4E6BD5B78}"
EndProject
Global
	GlobalSection(SolutionConfigurationPlatforms) = preSolution
		Debug|Any CPU = Debug|Any CPU
		Release|Any CPU = Release|Any CPU
	EndGlobalSection
	GlobalSection(ProjectConfigurationPlatforms) = postSolution
		{EFBFAC80-2DC9-452D-A1E2-C4B4E6BD5B78}.Debug|Any CPU.ActiveCfg = Debug|Any CPU
		{EFBFAC80-2DC9-452D-A1E2-C4B4E6BD5B78}.Debug|Any CPU.Build.0 = Debug|Any CPU
		{EFBFAC80-2DC9-452D-A1E2-C4B4E6BD5B78}.Release|Any CPU.ActiveCfg = Release|Any CPU
		{EFBFAC80-2DC9-452D-A1E2-C4B4E6BD5B78}.Release|Any CPU.Build.0 = Release|Any CPU
	EndGlobalSection
	GlobalSection(SolutionProperties) = preSolution
		HideSolutionNode = FALSE
	EndGlobalSection
	GlobalSection(ExtensibilityGlobals) = postSolution
		SolutionGuid = {817554AD-93D7-46C7-93F1-11CDF78BA5CA}
	EndGlobalSection
EndGlobal
